
Microsoft Visual Studio Solution File, Format Version 12.00
Project("{FAE04EC0-301F-11D3-BF4B-00C04F79EFBC}") = "Outbox.Api", "Outbox.Api\Outbox.Api.csproj", "{1C6492EE-CCBC-4488-B951-CF93679DB6A5}"
EndProject
Project("{2150E333-8FDC-42A3-9474-1A3956D46DE8}") = "common", "common", "{0B7987A7-8260-4258-8A58-9922057BC9F4}"
	ProjectSection(SolutionItems) = preProject
		Directory.Packages.props = Directory.Packages.props
	EndProjectSection
EndProject
Project("{FAE04EC0-301F-11D3-BF4B-00C04F79EFBC}") = "Outbox.Infrastructure", "Outbox.Infrastructure\Outbox.Infrastructure.csproj", "{2BA98839-74FE-4EF2-B0D6-E7B7553A80F7}"
EndProject
Project("{FAE04EC0-301F-11D3-BF4B-00C04F79EFBC}") = "Outbox.Core", "Outbox.Core\Outbox.Core.csproj", "{AD53956A-68D5-4FFB-8F3E-846F16BB5137}"
EndProject
Project("{2150E333-8FDC-42A3-9474-1A3956D46DE8}") = "migrations", "migrations", "{D40400FE-9EDF-48A4-A243-88EF4C994897}"
	ProjectSection(SolutionItems) = preProject
		migrations\schema.sql = migrations\schema.sql
	EndProjectSection
EndProject
Global
	GlobalSection(SolutionConfigurationPlatforms) = preSolution
		Debug|Any CPU = Debug|Any CPU
		Release|Any CPU = Release|Any CPU
	EndGlobalSection
	GlobalSection(ProjectConfigurationPlatforms) = postSolution
		{1C6492EE-CCBC-4488-B951-CF93679DB6A5}.Debug|Any CPU.ActiveCfg = Debug|Any CPU
		{1C6492EE-CCBC-4488-B951-CF93679DB6A5}.Debug|Any CPU.Build.0 = Debug|Any CPU
		{1C6492EE-CCBC-4488-B951-CF93679DB6A5}.Release|Any CPU.ActiveCfg = Release|Any CPU
		{1C6492EE-CCBC-4488-B951-CF93679DB6A5}.Release|Any CPU.Build.0 = Release|Any CPU
		{2BA98839-74FE-4EF2-B0D6-E7B7553A80F7}.Debug|Any CPU.ActiveCfg = Debug|Any CPU
		{2BA98839-74FE-4EF2-B0D6-E7B7553A80F7}.Debug|Any CPU.Build.0 = Debug|Any CPU
		{2BA98839-74FE-4EF2-B0D6-E7B7553A80F7}.Release|Any CPU.ActiveCfg = Release|Any CPU
		{2BA98839-74FE-4EF2-B0D6-E7B7553A80F7}.Release|Any CPU.Build.0 = Release|Any CPU
		{AD53956A-68D5-4FFB-8F3E-846F16BB5137}.Debug|Any CPU.ActiveCfg = Debug|Any CPU
		{AD53956A-68D5-4FFB-8F3E-846F16BB5137}.Debug|Any CPU.Build.0 = Debug|Any CPU
		{AD53956A-68D5-4FFB-8F3E-846F16BB5137}.Release|Any CPU.ActiveCfg = Release|Any CPU
		{AD53956A-68D5-4FFB-8F3E-846F16BB5137}.Release|Any CPU.Build.0 = Release|Any CPU
	EndGlobalSection
EndGlobal
